// !$*UTF8*$!
{
	archiveVersion = 1;
	classes = {
	};
	objectVersion = 50;
	objects = {

/* Begin PBXBuildFile section */
		398122C12354CE3C00CDE5E6 /* AppDelegate.swift in Sources */ = {isa = PBXBuildFile; fileRef = 398122C02354CE3C00CDE5E6 /* AppDelegate.swift */; };
		398122C32354CE3C00CDE5E6 /* ViewController.swift in Sources */ = {isa = PBXBuildFile; fileRef = 398122C22354CE3C00CDE5E6 /* ViewController.swift */; };
		398122C62354CE3C00CDE5E6 /* Main.storyboard in Resources */ = {isa = PBXBuildFile; fileRef = 398122C42354CE3C00CDE5E6 /* Main.storyboard */; };
		398122C82354CE3E00CDE5E6 /* Assets.xcassets in Resources */ = {isa = PBXBuildFile; fileRef = 398122C72354CE3E00CDE5E6 /* Assets.xcassets */; };
		398122CB2354CE3E00CDE5E6 /* LaunchScreen.storyboard in Resources */ = {isa = PBXBuildFile; fileRef = 398122C92354CE3E00CDE5E6 /* LaunchScreen.storyboard */; };
		398123842355F80100CDE5E6 /* country-estonia.png in Resources */ = {isa = PBXBuildFile; fileRef = 398123782355F80100CDE5E6 /* country-estonia.png */; };
		398123852355F80100CDE5E6 /* country-germany.png in Resources */ = {isa = PBXBuildFile; fileRef = 398123792355F80100CDE5E6 /* country-germany.png */; };
		398123862355F80100CDE5E6 /* country-italy.png in Resources */ = {isa = PBXBuildFile; fileRef = 3981237A2355F80100CDE5E6 /* country-italy.png */; };
		398123872355F80100CDE5E6 /* country-uk.png in Resources */ = {isa = PBXBuildFile; fileRef = 3981237B2355F80100CDE5E6 /* country-uk.png */; };
		398123882355F80100CDE5E6 /* country-poland.png in Resources */ = {isa = PBXBuildFile; fileRef = 3981237C2355F80100CDE5E6 /* country-poland.png */; };
		398123892355F80100CDE5E6 /* country-monaco.png in Resources */ = {isa = PBXBuildFile; fileRef = 3981237D2355F80100CDE5E6 /* country-monaco.png */; };
		3981238A2355F80100CDE5E6 /* country-spain.png in Resources */ = {isa = PBXBuildFile; fileRef = 3981237E2355F80100CDE5E6 /* country-spain.png */; };
		3981238B2355F80100CDE5E6 /* country-us.png in Resources */ = {isa = PBXBuildFile; fileRef = 3981237F2355F80100CDE5E6 /* country-us.png */; };
		3981238C2355F80100CDE5E6 /* country-ireland.png in Resources */ = {isa = PBXBuildFile; fileRef = 398123802355F80100CDE5E6 /* country-ireland.png */; };
		3981238D2355F80100CDE5E6 /* country-nigeria.png in Resources */ = {isa = PBXBuildFile; fileRef = 398123812355F80100CDE5E6 /* country-nigeria.png */; };
		3981238E2355F80100CDE5E6 /* country-russia.png in Resources */ = {isa = PBXBuildFile; fileRef = 398123822355F80100CDE5E6 /* country-russia.png */; };
		3981238F2355F80100CDE5E6 /* country-france.png in Resources */ = {isa = PBXBuildFile; fileRef = 398123832355F80100CDE5E6 /* country-france.png */; };
		398123932356244800CDE5E6 /* DetailViewController.swift in Sources */ = {isa = PBXBuildFile; fileRef = 398123922356244800CDE5E6 /* DetailViewController.swift */; };
/* End PBXBuildFile section */

/* Begin PBXFileReference section */
		398122BD2354CE3C00CDE5E6 /* Consolidation2.app */ = {isa = PBXFileReference; explicitFileType = wrapper.application; includeInIndex = 0; path = Consolidation2.app; sourceTree = BUILT_PRODUCTS_DIR; };
		398122C02354CE3C00CDE5E6 /* AppDelegate.swift */ = {isa = PBXFileReference; lastKnownFileType = sourcecode.swift; path = AppDelegate.swift; sourceTree = "<group>"; };
		398122C22354CE3C00CDE5E6 /* ViewController.swift */ = {isa = PBXFileReference; lastKnownFileType = sourcecode.swift; path = ViewController.swift; sourceTree = "<group>"; };
		398122C52354CE3C00CDE5E6 /* Base */ = {isa = PBXFileReference; lastKnownFileType = file.storyboard; name = Base; path = Base.lproj/Main.storyboard; sourceTree = "<group>"; };
		398122C72354CE3E00CDE5E6 /* Assets.xcassets */ = {isa = PBXFileReference; lastKnownFileType = folder.assetcatalog; path = Assets.xcassets; sourceTree = "<group>"; };
		398122CA2354CE3E00CDE5E6 /* Base */ = {isa = PBXFileReference; lastKnownFileType = file.storyboard; name = Base; path = Base.lproj/LaunchScreen.storyboard; sourceTree = "<group>"; };
		398122CC2354CE3E00CDE5E6 /* Info.plist */ = {isa = PBXFileReference; lastKnownFileType = text.plist.xml; path = Info.plist; sourceTree = "<group>"; };
		398123782355F80100CDE5E6 /* country-estonia.png */ = {isa = PBXFileReference; lastKnownFileType = image.png; path = "country-estonia.png"; sourceTree = "<group>"; };
		398123792355F80100CDE5E6 /* country-germany.png */ = {isa = PBXFileReference; lastKnownFileType = image.png; path = "country-germany.png"; sourceTree = "<group>"; };
		3981237A2355F80100CDE5E6 /* country-italy.png */ = {isa = PBXFileReference; lastKnownFileType = image.png; path = "country-italy.png"; sourceTree = "<group>"; };
		3981237B2355F80100CDE5E6 /* country-uk.png */ = {isa = PBXFileReference; lastKnownFileType = image.png; path = "country-uk.png"; sourceTree = "<group>"; };
		3981237C2355F80100CDE5E6 /* country-poland.png */ = {isa = PBXFileReference; lastKnownFileType = image.png; path = "country-poland.png"; sourceTree = "<group>"; };
		3981237D2355F80100CDE5E6 /* country-monaco.png */ = {isa = PBXFileReference; lastKnownFileType = image.png; path = "country-monaco.png"; sourceTree = "<group>"; };
		3981237E2355F80100CDE5E6 /* country-spain.png */ = {isa = PBXFileReference; lastKnownFileType = image.png; path = "country-spain.png"; sourceTree = "<group>"; };
		3981237F2355F80100CDE5E6 /* country-us.png */ = {isa = PBXFileReference; lastKnownFileType = image.png; path = "country-us.png"; sourceTree = "<group>"; };
		398123802355F80100CDE5E6 /* country-ireland.png */ = {isa = PBXFileReference; lastKnownFileType = image.png; path = "country-ireland.png"; sourceTree = "<group>"; };
		398123812355F80100CDE5E6 /* country-nigeria.png */ = {isa = PBXFileReference; lastKnownFileType = image.png; path = "country-nigeria.png"; sourceTree = "<group>"; };
		398123822355F80100CDE5E6 /* country-russia.png */ = {isa = PBXFileReference; lastKnownFileType = image.png; path = "country-russia.png"; sourceTree = "<group>"; };
		398123832355F80100CDE5E6 /* country-france.png */ = {isa = PBXFileReference; lastKnownFileType = image.png; path = "country-france.png"; sourceTree = "<group>"; };
		398123922356244800CDE5E6 /* DetailViewController.swift */ = {isa = PBXFileReference; lastKnownFileType = sourcecode.swift; path = DetailViewController.swift; sourceTree = "<group>"; };
/* End PBXFileReference section */

/* Begin PBXFrameworksBuildPhase section */
		398122BA2354CE3C00CDE5E6 /* Frameworks */ = {
			isa = PBXFrameworksBuildPhase;
			buildActionMask = 2147483647;
			files = (
			);
			runOnlyForDeploymentPostprocessing = 0;
		};
/* End PBXFrameworksBuildPhase section */

/* Begin PBXGroup section */
		398122B42354CE3C00CDE5E6 = {
			isa = PBXGroup;
			children = (
				398122BF2354CE3C00CDE5E6 /* Consolidation2 */,
				398122BE2354CE3C00CDE5E6 /* Products */,
			);
			sourceTree = "<group>";
		};
		398122BE2354CE3C00CDE5E6 /* Products */ = {
			isa = PBXGroup;
			children = (
				398122BD2354CE3C00CDE5E6 /* Consolidation2.app */,
			);
			name = Products;
			sourceTree = "<group>";
		};
		398122BF2354CE3C00CDE5E6 /* Consolidation2 */ = {
			isa = PBXGroup;
			children = (
				398122C02354CE3C00CDE5E6 /* AppDelegate.swift */,
				398122C22354CE3C00CDE5E6 /* ViewController.swift */,
				398123922356244800CDE5E6 /* DetailViewController.swift */,
				398122C42354CE3C00CDE5E6 /* Main.storyboard */,
				398122C72354CE3E00CDE5E6 /* Assets.xcassets */,
				398122C92354CE3E00CDE5E6 /* LaunchScreen.storyboard */,
				398122CC2354CE3E00CDE5E6 /* Info.plist */,
				398123472355181100CDE5E6 /* flags */,
			);
			path = Consolidation2;
			sourceTree = "<group>";
		};
		398123472355181100CDE5E6 /* flags */ = {
			isa = PBXGroup;
			children = (
				398123782355F80100CDE5E6 /* country-estonia.png */,
				398123832355F80100CDE5E6 /* country-france.png */,
				398123792355F80100CDE5E6 /* country-germany.png */,
				398123802355F80100CDE5E6 /* country-ireland.png */,
				3981237A2355F80100CDE5E6 /* country-italy.png */,
				3981237D2355F80100CDE5E6 /* country-monaco.png */,
				398123812355F80100CDE5E6 /* country-nigeria.png */,
				3981237C2355F80100CDE5E6 /* country-poland.png */,
				398123822355F80100CDE5E6 /* country-russia.png */,
				3981237E2355F80100CDE5E6 /* country-spain.png */,
				3981237B2355F80100CDE5E6 /* country-uk.png */,
				3981237F2355F80100CDE5E6 /* country-us.png */,
			);
			name = flags;
			path = ../../flags;
			sourceTree = "<group>";
		};
/* End PBXGroup section */

/* Begin PBXNativeTarget section */
		398122BC2354CE3C00CDE5E6 /* Consolidation2 */ = {
			isa = PBXNativeTarget;
			buildConfigurationList = 398122CF2354CE3E00CDE5E6 /* Build configuration list for PBXNativeTarget "Consolidation2" */;
			buildPhases = (
				398122B92354CE3C00CDE5E6 /* Sources */,
				398122BA2354CE3C00CDE5E6 /* Frameworks */,
				398122BB2354CE3C00CDE5E6 /* Resources */,
			);
			buildRules = (
			);
			dependencies = (
			);
			name = Consolidation2;
			productName = Consolidation2;
			productReference = 398122BD2354CE3C00CDE5E6 /* Consolidation2.app */;
			productType = "com.apple.product-type.application";
		};
/* End PBXNativeTarget section */

/* Begin PBXProject section */
		398122B52354CE3C00CDE5E6 /* Project object */ = {
			isa = PBXProject;
			attributes = {
				LastSwiftUpdateCheck = 1020;
				LastUpgradeCheck = 1020;
				ORGANIZATIONNAME = "Hacking with Swift";
				TargetAttributes = {
					398122BC2354CE3C00CDE5E6 = {
						CreatedOnToolsVersion = 10.2.1;
					};
				};
			};
			buildConfigurationList = 398122B82354CE3C00CDE5E6 /* Build configuration list for PBXProject "Consolidation2" */;
			compatibilityVersion = "Xcode 9.3";
			developmentRegion = en;
			hasScannedForEncodings = 0;
			knownRegions = (
				en,
				Base,
			);
			mainGroup = 398122B42354CE3C00CDE5E6;
			productRefGroup = 398122BE2354CE3C00CDE5E6 /* Products */;
			projectDirPath = "";
			projectRoot = "";
			targets = (
				398122BC2354CE3C00CDE5E6 /* Consolidation2 */,
			);
		};
/* End PBXProject section */

/* Begin PBXResourcesBuildPhase section */
		398122BB2354CE3C00CDE5E6 /* Resources */ = {
			isa = PBXResourcesBuildPhase;
			buildActionMask = 2147483647;
			files = (
				398123862355F80100CDE5E6 /* country-italy.png in Resources */,
				3981238E2355F80100CDE5E6 /* country-russia.png in Resources */,
				398123872355F80100CDE5E6 /* country-uk.png in Resources */,
				3981238C2355F80100CDE5E6 /* country-ireland.png in Resources */,
				398122CB2354CE3E00CDE5E6 /* LaunchScreen.storyboard in Resources */,
				398122C82354CE3E00CDE5E6 /* Assets.xcassets in Resources */,
				398123892355F80100CDE5E6 /* country-monaco.png in Resources */,
				398123882355F80100CDE5E6 /* country-poland.png in Resources */,
				3981238D2355F80100CDE5E6 /* country-nigeria.png in Resources */,
				398123842355F80100CDE5E6 /* country-estonia.png in Resources */,
				398123852355F80100CDE5E6 /* country-germany.png in Resources */,
				3981238A2355F80100CDE5E6 /* country-spain.png in Resources */,
				398122C62354CE3C00CDE5E6 /* Main.storyboard in Resources */,
				3981238B2355F80100CDE5E6 /* country-us.png in Resources */,
				3981238F2355F80100CDE5E6 /* country-france.png in Resources */,
			);
			runOnlyForDeploymentPostprocessing = 0;
		};
/* End PBXResourcesBuildPhase section */

/* Begin PBXSourcesBuildPhase section */
		398122B92354CE3C00CDE5E6 /* Sources */ = {
			isa = PBXSourcesBuildPhase;
			buildActionMask = 2147483647;
			files = (
				398123932356244800CDE5E6 /* DetailViewController.swift in Sources */,
				398122C32354CE3C00CDE5E6 /* ViewController.swift in Sources */,
				398122C12354CE3C00CDE5E6 /* AppDelegate.swift in Sources */,
			);
			runOnlyForDeploymentPostprocessing = 0;
		};
/* End PBXSourcesBuildPhase section */

/* Begin PBXVariantGroup section */
		398122C42354CE3C00CDE5E6 /* Main.storyboard */ = {
			isa = PBXVariantGroup;
			children = (
				398122C52354CE3C00CDE5E6 /* Base */,
			);
			name = Main.storyboard;
			sourceTree = "<group>";
		};
		398122C92354CE3E00CDE5E6 /* LaunchScreen.storyboard */ = {
			isa = PBXVariantGroup;
			children = (
				398122CA2354CE3E00CDE5E6 /* Base */,
			);
			name = LaunchScreen.storyboard;
			sourceTree = "<group>";
		};
/* End PBXVariantGroup section */

/* Begin XCBuildConfiguration section */
		398122CD2354CE3E00CDE5E6 /* Debug */ = {
			isa = XCBuildConfiguration;
			buildSettings = {
				ALWAYS_SEARCH_USER_PATHS = NO;
				CLANG_ANALYZER_NONNULL = YES;
				CLANG_ANALYZER_NUMBER_OBJECT_CONVERSION = YES_AGGRESSIVE;
				CLANG_CXX_LANGUAGE_STANDARD = "gnu++14";
				CLANG_CXX_LIBRARY = "libc++";
				CLANG_ENABLE_MODULES = YES;
				CLANG_ENABLE_OBJC_ARC = YES;
				CLANG_ENABLE_OBJC_WEAK = YES;
				CLANG_WARN_BLOCK_CAPTURE_AUTORELEASING = YES;
				CLANG_WARN_BOOL_CONVERSION = YES;
				CLANG_WARN_COMMA = YES;
				CLANG_WARN_CONSTANT_CONVERSION = YES;
				CLANG_WARN_DEPRECATED_OBJC_IMPLEMENTATIONS = YES;
				CLANG_WARN_DIRECT_OBJC_ISA_USAGE = YES_ERROR;
				CLANG_WARN_DOCUMENTATION_COMMENTS = YES;
				CLANG_WARN_EMPTY_BODY = YES;
				CLANG_WARN_ENUM_CONVERSION = YES;
				CLANG_WARN_INFINITE_RECURSION = YES;
				CLANG_WARN_INT_CONVERSION = YES;
				CLANG_WARN_NON_LITERAL_NULL_CONVERSION = YES;
				CLANG_WARN_OBJC_IMPLICIT_RETAIN_SELF = YES;
				CLANG_WARN_OBJC_LITERAL_CONVERSION = YES;
				CLANG_WARN_OBJC_ROOT_CLASS = YES_ERROR;
				CLANG_WARN_RANGE_LOOP_ANALYSIS = YES;
				CLANG_WARN_STRICT_PROTOTYPES = YES;
				CLANG_WARN_SUSPICIOUS_MOVE = YES;
				CLANG_WARN_UNGUARDED_AVAILABILITY = YES_AGGRESSIVE;
				CLANG_WARN_UNREACHABLE_CODE = YES;
				CLANG_WARN__DUPLICATE_METHOD_MATCH = YES;
				CODE_SIGN_IDENTITY = "iPhone Developer";
				COPY_PHASE_STRIP = NO;
				DEBUG_INFORMATION_FORMAT = dwarf;
				ENABLE_STRICT_OBJC_MSGSEND = YES;
				ENABLE_TESTABILITY = YES;
				GCC_C_LANGUAGE_STANDARD = gnu11;
				GCC_DYNAMIC_NO_PIC = NO;
				GCC_NO_COMMON_BLOCKS = YES;
				GCC_OPTIMIZATION_LEVEL = 0;
				GCC_PREPROCESSOR_DEFINITIONS = (
					"DEBUG=1",
					"$(inherited)",
				);
				GCC_WARN_64_TO_32_BIT_CONVERSION = YES;
				GCC_WARN_ABOUT_RETURN_TYPE = YES_ERROR;
				GCC_WARN_UNDECLARED_SELECTOR = YES;
				GCC_WARN_UNINITIALIZED_AUTOS = YES_AGGRESSIVE;
				GCC_WARN_UNUSED_FUNCTION = YES;
				GCC_WARN_UNUSED_VARIABLE = YES;
				IPHONEOS_DEPLOYMENT_TARGET = 12.2;
				MTL_ENABLE_DEBUG_INFO = INCLUDE_SOURCE;
				MTL_FAST_MATH = YES;
				ONLY_ACTIVE_ARCH = YES;
				SDKROOT = iphoneos;
				SWIFT_ACTIVE_COMPILATION_CONDITIONS = DEBUG;
				SWIFT_OPTIMIZATION_LEVEL = "-Onone";
			};
			name = Debug;
		};
		398122CE2354CE3E00CDE5E6 /* Release */ = {
			isa = XCBuildConfiguration;
			buildSettings = {
				ALWAYS_SEARCH_USER_PATHS = NO;
				CLANG_ANALYZER_NONNULL = YES;
				CLANG_ANALYZER_NUMBER_OBJECT_CONVERSION = YES_AGGRESSIVE;
				CLANG_CXX_LANGUAGE_STANDARD = "gnu++14";
				CLANG_CXX_LIBRARY = "libc++";
				CLANG_ENABLE_MODULES = YES;
				CLANG_ENABLE_OBJC_ARC = YES;
				CLANG_ENABLE_OBJC_WEAK = YES;
				CLANG_WARN_BLOCK_CAPTURE_AUTORELEASING = YES;
				CLANG_WARN_BOOL_CONVERSION = YES;
				CLANG_WARN_COMMA = YES;
				CLANG_WARN_CONSTANT_CONVERSION = YES;
				CLANG_WARN_DEPRECATED_OBJC_IMPLEMENTATIONS = YES;
				CLANG_WARN_DIRECT_OBJC_ISA_USAGE = YES_ERROR;
				CLANG_WARN_DOCUMENTATION_COMMENTS = YES;
				CLANG_WARN_EMPTY_BODY = YES;
				CLANG_WARN_ENUM_CONVERSION = YES;
				CLANG_WARN_INFINITE_RECURSION = YES;
				CLANG_WARN_INT_CONVERSION = YES;
				CLANG_WARN_NON_LITERAL_NULL_CONVERSION = YES;
				CLANG_WARN_OBJC_IMPLICIT_RETAIN_SELF = YES;
				CLANG_WARN_OBJC_LITERAL_CONVERSION = YES;
				CLANG_WARN_OBJC_ROOT_CLASS = YES_ERROR;
				CLANG_WARN_RANGE_LOOP_ANALYSIS = YES;
				CLANG_WARN_STRICT_PROTOTYPES = YES;
				CLANG_WARN_SUSPICIOUS_MOVE = YES;
				CLANG_WARN_UNGUARDED_AVAILABILITY = YES_AGGRESSIVE;
				CLANG_WARN_UNREACHABLE_CODE = YES;
				CLANG_WARN__DUPLICATE_METHOD_MATCH = YES;
				CODE_SIGN_IDENTITY = "iPhone Developer";
				COPY_PHASE_STRIP = NO;
				DEBUG_INFORMATION_FORMAT = "dwarf-with-dsym";
				ENABLE_NS_ASSERTIONS = NO;
				ENABLE_STRICT_OBJC_MSGSEND = YES;
				GCC_C_LANGUAGE_STANDARD = gnu11;
				GCC_NO_COMMON_BLOCKS = YES;
				GCC_WARN_64_TO_32_BIT_CONVERSION = YES;
				GCC_WARN_ABOUT_RETURN_TYPE = YES_ERROR;
				GCC_WARN_UNDECLARED_SELECTOR = YES;
				GCC_WARN_UNINITIALIZED_AUTOS = YES_AGGRESSIVE;
				GCC_WARN_UNUSED_FUNCTION = YES;
				GCC_WARN_UNUSED_VARIABLE = YES;
				IPHONEOS_DEPLOYMENT_TARGET = 12.2;
				MTL_ENABLE_DEBUG_INFO = NO;
				MTL_FAST_MATH = YES;
				SDKROOT = iphoneos;
				SWIFT_COMPILATION_MODE = wholemodule;
				SWIFT_OPTIMIZATION_LEVEL = "-O";
				VALIDATE_PRODUCT = YES;
			};
			name = Release;
		};
		398122D02354CE3E00CDE5E6 /* Debug */ = {
			isa = XCBuildConfiguration;
			buildSettings = {
				ASSETCATALOG_COMPILER_APPICON_NAME = AppIcon;
				CODE_SIGN_STYLE = Automatic;
				INFOPLIST_FILE = Consolidation2/Info.plist;
				LD_RUNPATH_SEARCH_PATHS = (
					"$(inherited)",
					"@executable_path/Frameworks",
				);
				PRODUCT_BUNDLE_IDENTIFIER = com.hackingwithswift.Consolidation2;
				PRODUCT_NAME = "$(TARGET_NAME)";
				SWIFT_VERSION = 5.0;
				TARGETED_DEVICE_FAMILY = "1,2";
			};
			name = Debug;
		};
		398122D12354CE3E00CDE5E6 /* Release */ = {
			isa = XCBuildConfiguration;
			buildSettings = {
				ASSETCATALOG_COMPILER_APPICON_NAME = AppIcon;
				CODE_SIGN_STYLE = Automatic;
				INFOPLIST_FILE = Consolidation2/Info.plist;
				LD_RUNPATH_SEARCH_PATHS = (
					"$(inherited)",
					"@executable_path/Frameworks",
				);
				PRODUCT_BUNDLE_IDENTIFIER = com.hackingwithswift.Consolidation2;
				PRODUCT_NAME = "$(TARGET_NAME)";
				SWIFT_VERSION = 5.0;
				TARGETED_DEVICE_FAMILY = "1,2";
			};
			name = Release;
		};
/* End XCBuildConfiguration section */

/* Begin XCConfigurationList section */
		398122B82354CE3C00CDE5E6 /* Build configuration list for PBXProject "Consolidation2" */ = {
			isa = XCConfigurationList;
			buildConfigurations = (
				398122CD2354CE3E00CDE5E6 /* Debug */,
				398122CE2354CE3E00CDE5E6 /* Release */,
			);
			defaultConfigurationIsVisible = 0;
			defaultConfigurationName = Release;
		};
		398122CF2354CE3E00CDE5E6 /* Build configuration list for PBXNativeTarget "Consolidation2" */ = {
			isa = XCConfigurationList;
			buildConfigurations = (
				398122D02354CE3E00CDE5E6 /* Debug */,
				398122D12354CE3E00CDE5E6 /* Release */,
			);
			defaultConfigurationIsVisible = 0;
			defaultConfigurationName = Release;
		};
/* End XCConfigurationList section */
	};
	rootObject = 398122B52354CE3C00CDE5E6 /* Project object */;
}
